
Microsoft Visual Studio Solution File, Format Version 12.00
# Visual Studio 15
VisualStudioVersion = 15.0.28307.168
MinimumVisualStudioVersion = 10.0.40219.1
Project("{FAE04EC0-301F-11D3-BF4B-00C04F79EFBC}") = "IoCAutofacSample", "IoCAutofacSample\IoCAutofacSample.csproj", "{CD4C17D8-6B93-458B-BB70-DAD914464BA0}"
EndProject
Global
	GlobalSection(SolutionConfigurationPlatforms) = preSolution
		Debug|Any CPU = Debug|Any CPU
		Release|Any CPU = Release|Any CPU
	EndGlobalSection
	GlobalSection(ProjectConfigurationPlatforms) = postSolution
		{CD4C17D8-6B93-458B-BB70-DAD914464BA0}.Debug|Any CPU.ActiveCfg = Debug|Any CPU
		{CD4C17D8-6B93-458B-BB70-DAD914464BA0}.Debug|Any CPU.Build.0 = Debug|Any CPU
		{CD4C17D8-6B93-458B-BB70-DAD914464BA0}.Release|Any CPU.ActiveCfg = Release|Any CPU
		{CD4C17D8-6B93-458B-BB70-DAD914464BA0}.Release|Any CPU.Build.0 = Release|Any CPU
	EndGlobalSection
	GlobalSection(SolutionProperties) = preSolution
		HideSolutionNode = FALSE
	EndGlobalSection
	GlobalSection(ExtensibilityGlobals) = postSolution
		SolutionGuid = {D788754C-2BCD-440A-9011-68B0A6F20068}
	EndGlobalSection
EndGlobal
